
Microsoft Visual Studio Solution File, Format Version 12.00
# Visual Studio Version 17
VisualStudioVersion = 17.11.35222.181
MinimumVisualStudioVersion = 10.0.40219.1
Project("{FAE04EC0-301F-11D3-BF4B-00C04F79EFBC}") = "b", "b\b.csproj", "{AD521D0B-B67D-4E8D-A935-6408758C0F20}"
EndProject
Global
	GlobalSection(SolutionConfigurationPlatforms) = preSolution
		Debug|Any CPU = Debug|Any CPU
		Release|Any CPU = Release|Any CPU
	EndGlobalSection
	GlobalSection(ProjectConfigurationPlatforms) = postSolution
		{AD521D0B-B67D-4E8D-A935-6408758C0F20}.Debug|Any CPU.ActiveCfg = Debug|Any CPU
		{AD521D0B-B67D-4E8D-A935-6408758C0F20}.Debug|Any CPU.Build.0 = Debug|Any CPU
		{AD521D0B-B67D-4E8D-A935-6408758C0F20}.Release|Any CPU.ActiveCfg = Release|Any CPU
		{AD521D0B-B67D-4E8D-A935-6408758C0F20}.Release|Any CPU.Build.0 = Release|Any CPU
	EndGlobalSection
	GlobalSection(SolutionProperties) = preSolution
		HideSolutionNode = FALSE
	EndGlobalSection
	GlobalSection(ExtensibilityGlobals) = postSolution
		SolutionGuid = {CC81C9F5-1820-431E-A0F4-BC6F526618C1}
	EndGlobalSection
EndGlobal
